
Microsoft Visual Studio Solution File, Format Version 12.00
# Visual Studio Version 17
VisualStudioVersion = 17.4.33403.182
MinimumVisualStudioVersion = 10.0.40219.1
Project("{9A19103F-16F7-4668-BE54-9A1E7A4F7556}") = "BloggEdu", "BloggEdu\BloggEdu.csproj", "{8CCCE497-D0D6-4FA8-B1EF-C5385C004EDA}"
EndProject
Project("{9A19103F-16F7-4668-BE54-9A1E7A4F7556}") = "EntityLayer", "EntityLayer\EntityLayer.csproj", "{E1B68EBF-2235-41E5-B447-9C6C90699160}"
EndProject
Project("{9A19103F-16F7-4668-BE54-9A1E7A4F7556}") = "DataAccsessLayer", "DataAccsessLayer\DataAccsessLayer.csproj", "{24B391D4-1F3D-469D-8809-473457DDDDFE}"
EndProject
Project("{9A19103F-16F7-4668-BE54-9A1E7A4F7556}") = "BusinessLayer", "BusinessLayer\BusinessLayer.csproj", "{A24A566C-0A2C-4E49-B3BE-AD9CDBECDA79}"
EndProject
Project("{9A19103F-16F7-4668-BE54-9A1E7A4F7556}") = "CoreLayer", "CoreLayer\CoreLayer.csproj", "{248865A6-7132-4B47-8352-AF3B4ED14C65}"
EndProject
Project("{FAE04EC0-301F-11D3-BF4B-00C04F79EFBC}") = "BlogApiDemo", "BlogApiDemo\BlogApiDemo.csproj", "{B1262E0E-E3BF-475F-BBC3-A3FDAD849B97}"
EndProject
Global
	GlobalSection(SolutionConfigurationPlatforms) = preSolution
		Debug|Any CPU = Debug|Any CPU
		Release|Any CPU = Release|Any CPU
	EndGlobalSection
	GlobalSection(ProjectConfigurationPlatforms) = postSolution
		{8CCCE497-D0D6-4FA8-B1EF-C5385C004EDA}.Debug|Any CPU.ActiveCfg = Debug|Any CPU
		{8CCCE497-D0D6-4FA8-B1EF-C5385C004EDA}.Debug|Any CPU.Build.0 = Debug|Any CPU
		{8CCCE497-D0D6-4FA8-B1EF-C5385C004EDA}.Release|Any CPU.ActiveCfg = Release|Any CPU
		{8CCCE497-D0D6-4FA8-B1EF-C5385C004EDA}.Release|Any CPU.Build.0 = Release|Any CPU
		{E1B68EBF-2235-41E5-B447-9C6C90699160}.Debug|Any CPU.ActiveCfg = Debug|Any CPU
		{E1B68EBF-2235-41E5-B447-9C6C90699160}.Debug|Any CPU.Build.0 = Debug|Any CPU
		{E1B68EBF-2235-41E5-B447-9C6C90699160}.Release|Any CPU.ActiveCfg = Release|Any CPU
		{E1B68EBF-2235-41E5-B447-9C6C90699160}.Release|Any CPU.Build.0 = Release|Any CPU
		{24B391D4-1F3D-469D-8809-473457DDDDFE}.Debug|Any CPU.ActiveCfg = Debug|Any CPU
		{24B391D4-1F3D-469D-8809-473457DDDDFE}.Debug|Any CPU.Build.0 = Debug|Any CPU
		{24B391D4-1F3D-469D-8809-473457DDDDFE}.Release|Any CPU.ActiveCfg = Release|Any CPU
		{24B391D4-1F3D-469D-8809-473457DDDDFE}.Release|Any CPU.Build.0 = Release|Any CPU
		{A24A566C-0A2C-4E49-B3BE-AD9CDBECDA79}.Debug|Any CPU.ActiveCfg = Debug|Any CPU
		{A24A566C-0A2C-4E49-B3BE-AD9CDBECDA79}.Debug|Any CPU.Build.0 = Debug|Any CPU
		{A24A566C-0A2C-4E49-B3BE-AD9CDBECDA79}.Release|Any CPU.ActiveCfg = Release|Any CPU
		{A24A566C-0A2C-4E49-B3BE-AD9CDBECDA79}.Release|Any CPU.Build.0 = Release|Any CPU
		{248865A6-7132-4B47-8352-AF3B4ED14C65}.Debug|Any CPU.ActiveCfg = Debug|Any CPU
		{248865A6-7132-4B47-8352-AF3B4ED14C65}.Debug|Any CPU.Build.0 = Debug|Any CPU
		{248865A6-7132-4B47-8352-AF3B4ED14C65}.Release|Any CPU.ActiveCfg = Release|Any CPU
		{248865A6-7132-4B47-8352-AF3B4ED14C65}.Release|Any CPU.Build.0 = Release|Any CPU
		{B1262E0E-E3BF-475F-BBC3-A3FDAD849B97}.Debug|Any CPU.ActiveCfg = Debug|Any CPU
		{B1262E0E-E3BF-475F-BBC3-A3FDAD849B97}.Debug|Any CPU.Build.0 = Debug|Any CPU
		{B1262E0E-E3BF-475F-BBC3-A3FDAD849B97}.Release|Any CPU.ActiveCfg = Release|Any CPU
		{B1262E0E-E3BF-475F-BBC3-A3FDAD849B97}.Release|Any CPU.Build.0 = Release|Any CPU
	EndGlobalSection
	GlobalSection(SolutionProperties) = preSolution
		HideSolutionNode = FALSE
	EndGlobalSection
	GlobalSection(ExtensibilityGlobals) = postSolution
		SolutionGuid = {33450C34-5196-438C-8F24-C672C5DCF074}
	EndGlobalSection
EndGlobal
